# This file is autogenerated and supposed to be committed to the git repository.
# Changing this file is not recommended and will likely break the build.
# Run `./gradlew --write-locks` to regenerate.
_libgcc_mutex=0.1=conda_forge @ linux-64
_openmp_mutex=4.5=2_gnu @ linux-64
attrs=24.2.0=pyh71513ae_0 @ noarch
bzip2=1.0.8=h4bc722e_7 @ linux-64
ca-certificates=2024.8.30=hbcca054_0 @ linux-64
colorama=0.4.6=pyhd8ed1ab_0 @ noarch
decorator=5.1.1=pyhd8ed1ab_0 @ noarch
exceptiongroup=1.2.2=pyhd8ed1ab_0 @ noarch
execnet=2.1.1=pyhd8ed1ab_0 @ noarch
future=1.0.0=pyhd8ed1ab_0 @ noarch
iniconfig=2.0.0=pyhd8ed1ab_0 @ noarch
ld_impl_linux-64=2.43=h712a8e2_1 @ linux-64
libblas=3.9.0=24_linux64_openblas @ linux-64
libcblas=3.9.0=24_linux64_openblas @ linux-64
libexpat=2.6.3=h5888daf_0 @ linux-64
libffi=3.4.4=h6a678d5_1 @ linux-64
libgcc-ng=14.1.0=h69a702a_1 @ linux-64
libgcc=14.1.0=h77fa898_1 @ linux-64
libgfortran-ng=14.1.0=h69a702a_1 @ linux-64
libgfortran5=14.1.0=hc5f4f2c_1 @ linux-64
libgfortran=14.1.0=h69a702a_1 @ linux-64
libgomp=14.1.0=h77fa898_1 @ linux-64
liblapack=3.9.0=24_linux64_openblas @ linux-64
libnsl=2.0.1=hd590300_0 @ linux-64
libopenblas=0.3.27=pthreads_hac2b453_1 @ linux-64
libsqlite=3.46.1=hadc24fc_0 @ linux-64
libstdcxx-ng=14.1.0=h4852527_1 @ linux-64
libstdcxx=14.1.0=hc0a3c3a_1 @ linux-64
libuuid=2.38.1=h0b41bf4_0 @ linux-64
libxcrypt=4.4.36=hd590300_1 @ linux-64
libzlib=1.3.1=hb9d3cd8_2 @ linux-64
ncurses=6.5=he02047a_1 @ linux-64
numpy=2.1.2=py311h71ddf71_0 @ linux-64
openssl=3.3.2=hb9d3cd8_0 @ linux-64
packaging=24.1=pyhd8ed1ab_0 @ noarch
palantir-spark-time=3.24.0=py_0 @ noarch
parsimonious=0.8.1=py_0 @ noarch
pip=24.2=pyh8b19718_1 @ noarch
pluggy=1.5.0=pyhd8ed1ab_0 @ noarch
polars=1.9.0=py311hcc3b33b_0 @ linux-64
py4j=0.10.9.7=pyhd8ed1ab_0 @ noarch
py=1.11.0=pyhd3eb1b0_0 @ noarch
pycodestyle=2.4.0=py_1 @ noarch
pyspark-src=3.5.1.16=py_0 @ noarch
pyspark=3.5.1.16=py_0 @ noarch
pytest-forked=1.6.0=pyhd8ed1ab_0 @ noarch
pytest-html=1.22.0=py_0 @ noarch
pytest-metadata=2.0.4=pyhd8ed1ab_0 @ noarch
pytest-pycodestyle=2.2.0=pyhd8ed1ab_0 @ noarch
pytest-xdist=1.34.0=py_0 @ noarch
pytest=7.2.1=pyhd8ed1ab_0 @ noarch
python-dateutil=2.9.0=pyhd8ed1ab_0 @ noarch
python=3.11.10=hc5c86c4_2_cpython @ linux-64
python_abi=3.11=5_cp311 @ linux-64
pytz=2024.2=pyhd8ed1ab_0 @ noarch
readline=8.2=h8228510_1 @ linux-64
setuptools=65.6.3=pyhd8ed1ab_0 @ noarch
six=1.16.0=pyhd3eb1b0_1 @ noarch
tk=8.6.13=noxft_h4845f30_101 @ linux-64
tomli=2.0.2=pyhd8ed1ab_0 @ noarch
transforms-expectations=0.537.0=py_0 @ noarch
transforms-verbs=0.537.0=py_0 @ noarch
transforms=2.67.0=py_0 @ noarch
tzdata=2024b=hc8b5060_0 @ noarch
wheel=0.44.0=pyhd8ed1ab_0 @ noarch
xz=5.4.6=h5eee18b_1 @ linux-64

[Conda lock version]
v2 - 78740b08fef8c33e1cd58e05eb229c7a5b1f4ec5fafe2c27e9988c3f987fdd85
